
Microsoft Visual Studio Solution File, Format Version 12.00
# Visual Studio Version 17
VisualStudioVersion = 17.0.31903.59
MinimumVisualStudioVersion = 10.0.40219.1
Project("{FAE04EC0-301F-11D3-BF4B-00C04F79EFBC}") = "FaunaFinder.Contracts", "src\FaunaFinder.Contracts\FaunaFinder.Contracts.csproj", "{A1B2C3D4-1111-2222-3333-444455551001}"
EndProject
Project("{FAE04EC0-301F-11D3-BF4B-00C04F79EFBC}") = "FaunaFinder.Database", "src\FaunaFinder.Database\FaunaFinder.Database.csproj", "{A1B2C3D4-1111-2222-3333-444455551002}"
EndProject
Project("{FAE04EC0-301F-11D3-BF4B-00C04F79EFBC}") = "FaunaFinder.DataAccess", "src\FaunaFinder.DataAccess\FaunaFinder.DataAccess.csproj", "{A1B2C3D4-1111-2222-3333-444455551003}"
EndProject
Project("{FAE04EC0-301F-11D3-BF4B-00C04F79EFBC}") = "FaunaFinder.Seeder", "src\FaunaFinder.Seeder\FaunaFinder.Seeder.csproj", "{A1B2C3D4-1111-2222-3333-444455551004}"
EndProject
Project("{FAE04EC0-301F-11D3-BF4B-00C04F79EFBC}") = "FaunaFinder.Api", "src\FaunaFinder.Api\FaunaFinder.Api.csproj", "{A1B2C3D4-1111-2222-3333-444455558888}"
EndProject
Project("{FAE04EC0-301F-11D3-BF4B-00C04F79EFBC}") = "FaunaFinder.ServiceDefaults", "src\FaunaFinder.ServiceDefaults\FaunaFinder.ServiceDefaults.csproj", "{A1B2C3D4-1111-2222-3333-444455550000}"
EndProject
Project("{FAE04EC0-301F-11D3-BF4B-00C04F79EFBC}") = "FaunaFinder.AppHost", "src\FaunaFinder.AppHost\FaunaFinder.AppHost.csproj", "{A1B2C3D4-1111-2222-3333-444455551111}"
EndProject
Project("{2150E333-8FDC-42A3-9474-1A3956D46DE8}") = "src", "src", "{827E0CD3-B72D-47B6-A68D-7590B98EB39B}"
EndProject
Project("{FAE04EC0-301F-11D3-BF4B-00C04F79EFBC}") = "FaunaFinder.i18n.Contracts", "src\Common\FaunaFinder.i18n.Contracts\FaunaFinder.i18n.Contracts.csproj", "{FD7E8FB2-4FC8-4815-9B7D-F9E88DFE904A}"
EndProject
Project("{2150E333-8FDC-42A3-9474-1A3956D46DE8}") = "Common", "Common", "{C0MM0N00-0000-0000-0000-000000000001}"
EndProject
Project("{FAE04EC0-301F-11D3-BF4B-00C04F79EFBC}") = "FaunaFinder.Client", "src\FaunaFinder.Client\FaunaFinder.Client.csproj", "{252CC04A-A94A-461B-A9EE-3EC8852B933F}"
EndProject
Project("{FAE04EC0-301F-11D3-BF4B-00C04F79EFBC}") = "FaunaFinder.Pagination.Contracts", "src\Common\FaunaFinder.Pagination.Contracts\FaunaFinder.Pagination.Contracts.csproj", "{76498C24-5BED-4EED-AA8D-8CB35493EAA7}"
EndProject
Project("{2150E333-8FDC-42A3-9474-1A3956D46DE8}") = "Features", "Features", "{E81CAA0A-8D6A-E3B6-28B3-AB416E1657A7}"
EndProject
Project("{2150E333-8FDC-42A3-9474-1A3956D46DE8}") = "Identity", "Identity", "{E2A5EC54-41E6-334C-DB30-5D71ABDE06FE}"
EndProject
Project("{FAE04EC0-301F-11D3-BF4B-00C04F79EFBC}") = "FaunaFinder.Identity.Contracts", "src\Features\Identity\FaunaFinder.Identity.Contracts\FaunaFinder.Identity.Contracts.csproj", "{A8788E94-FA12-420F-9D3E-27A6E6802AFE}"
EndProject
Project("{FAE04EC0-301F-11D3-BF4B-00C04F79EFBC}") = "FaunaFinder.Identity.Application.Client", "src\Features\Identity\FaunaFinder.Identity.Application.Client\FaunaFinder.Identity.Application.Client.csproj", "{088B16D7-0613-435C-AB4E-C64BC5C46E03}"
EndProject
Project("{FAE04EC0-301F-11D3-BF4B-00C04F79EFBC}") = "FaunaFinder.Identity.Api", "src\Features\Identity\FaunaFinder.Identity.Api\FaunaFinder.Identity.Api.csproj", "{7B21EBA9-527B-4FE5-9DF7-42D8D2E4E3E5}"
EndProject
Project("{2150E333-8FDC-42A3-9474-1A3956D46DE8}") = "Features", "Features", "{9792E6E2-564B-9699-7DA2-9F7194AE82F6}"
EndProject
Project("{2150E333-8FDC-42A3-9474-1A3956D46DE8}") = "WildlifeDiscovery", "WildlifeDiscovery", "{FDA8FDF1-D876-E855-A9A2-80088BB07443}"
EndProject
Project("{FAE04EC0-301F-11D3-BF4B-00C04F79EFBC}") = "FaunaFinder.WildlifeDiscovery.Api", "src\Features\WildlifeDiscovery\FaunaFinder.WildlifeDiscovery.Api\FaunaFinder.WildlifeDiscovery.Api.csproj", "{A1A884FD-BAA1-42B0-8520-EF9D25CBA1CE}"
EndProject
Project("{2150E333-8FDC-42A3-9474-1A3956D46DE8}") = "WildlifeDiscovery", "WildlifeDiscovery", "{F26EE05C-5EBD-B745-89A2-491B45AC0479}"
EndProject
Project("{FAE04EC0-301F-11D3-BF4B-00C04F79EFBC}") = "FaunaFinder.WildlifeDiscovery.Contracts", "src\Features\WildlifeDiscovery\FaunaFinder.WildlifeDiscovery.Contracts\FaunaFinder.WildlifeDiscovery.Contracts.csproj", "{889F51EE-A733-49AF-B784-41D2F5C83F55}"
EndProject
Global
	GlobalSection(SolutionConfigurationPlatforms) = preSolution
		Debug|Any CPU = Debug|Any CPU
		Debug|x64 = Debug|x64
		Debug|x86 = Debug|x86
		Release|Any CPU = Release|Any CPU
		Release|x64 = Release|x64
		Release|x86 = Release|x86
	EndGlobalSection
	GlobalSection(ProjectConfigurationPlatforms) = postSolution
		{A1B2C3D4-1111-2222-3333-444455551001}.Debug|Any CPU.ActiveCfg = Debug|Any CPU
		{A1B2C3D4-1111-2222-3333-444455551001}.Debug|Any CPU.Build.0 = Debug|Any CPU
		{A1B2C3D4-1111-2222-3333-444455551001}.Debug|x64.ActiveCfg = Debug|Any CPU
		{A1B2C3D4-1111-2222-3333-444455551001}.Debug|x64.Build.0 = Debug|Any CPU
		{A1B2C3D4-1111-2222-3333-444455551001}.Debug|x86.ActiveCfg = Debug|Any CPU
		{A1B2C3D4-1111-2222-3333-444455551001}.Debug|x86.Build.0 = Debug|Any CPU
		{A1B2C3D4-1111-2222-3333-444455551001}.Release|Any CPU.ActiveCfg = Release|Any CPU
		{A1B2C3D4-1111-2222-3333-444455551001}.Release|Any CPU.Build.0 = Release|Any CPU
		{A1B2C3D4-1111-2222-3333-444455551001}.Release|x64.ActiveCfg = Release|Any CPU
		{A1B2C3D4-1111-2222-3333-444455551001}.Release|x64.Build.0 = Release|Any CPU
		{A1B2C3D4-1111-2222-3333-444455551001}.Release|x86.ActiveCfg = Release|Any CPU
		{A1B2C3D4-1111-2222-3333-444455551001}.Release|x86.Build.0 = Release|Any CPU
		{A1B2C3D4-1111-2222-3333-444455551002}.Debug|Any CPU.ActiveCfg = Debug|Any CPU
		{A1B2C3D4-1111-2222-3333-444455551002}.Debug|Any CPU.Build.0 = Debug|Any CPU
		{A1B2C3D4-1111-2222-3333-444455551002}.Debug|x64.ActiveCfg = Debug|Any CPU
		{A1B2C3D4-1111-2222-3333-444455551002}.Debug|x64.Build.0 = Debug|Any CPU
		{A1B2C3D4-1111-2222-3333-444455551002}.Debug|x86.ActiveCfg = Debug|Any CPU
		{A1B2C3D4-1111-2222-3333-444455551002}.Debug|x86.Build.0 = Debug|Any CPU
		{A1B2C3D4-1111-2222-3333-444455551002}.Release|Any CPU.ActiveCfg = Release|Any CPU
		{A1B2C3D4-1111-2222-3333-444455551002}.Release|Any CPU.Build.0 = Release|Any CPU
		{A1B2C3D4-1111-2222-3333-444455551002}.Release|x64.ActiveCfg = Release|Any CPU
		{A1B2C3D4-1111-2222-3333-444455551002}.Release|x64.Build.0 = Release|Any CPU
		{A1B2C3D4-1111-2222-3333-444455551002}.Release|x86.ActiveCfg = Release|Any CPU
		{A1B2C3D4-1111-2222-3333-444455551002}.Release|x86.Build.0 = Release|Any CPU
		{A1B2C3D4-1111-2222-3333-444455551003}.Debug|Any CPU.ActiveCfg = Debug|Any CPU
		{A1B2C3D4-1111-2222-3333-444455551003}.Debug|Any CPU.Build.0 = Debug|Any CPU
		{A1B2C3D4-1111-2222-3333-444455551003}.Debug|x64.ActiveCfg = Debug|Any CPU
		{A1B2C3D4-1111-2222-3333-444455551003}.Debug|x64.Build.0 = Debug|Any CPU
		{A1B2C3D4-1111-2222-3333-444455551003}.Debug|x86.ActiveCfg = Debug|Any CPU
		{A1B2C3D4-1111-2222-3333-444455551003}.Debug|x86.Build.0 = Debug|Any CPU
		{A1B2C3D4-1111-2222-3333-444455551003}.Release|Any CPU.ActiveCfg = Release|Any CPU
		{A1B2C3D4-1111-2222-3333-444455551003}.Release|Any CPU.Build.0 = Release|Any CPU
		{A1B2C3D4-1111-2222-3333-444455551003}.Release|x64.ActiveCfg = Release|Any CPU
		{A1B2C3D4-1111-2222-3333-444455551003}.Release|x64.Build.0 = Release|Any CPU
		{A1B2C3D4-1111-2222-3333-444455551003}.Release|x86.ActiveCfg = Release|Any CPU
		{A1B2C3D4-1111-2222-3333-444455551003}.Release|x86.Build.0 = Release|Any CPU
		{A1B2C3D4-1111-2222-3333-444455551004}.Debug|Any CPU.ActiveCfg = Debug|Any CPU
		{A1B2C3D4-1111-2222-3333-444455551004}.Debug|Any CPU.Build.0 = Debug|Any CPU
		{A1B2C3D4-1111-2222-3333-444455551004}.Debug|x64.ActiveCfg = Debug|Any CPU
		{A1B2C3D4-1111-2222-3333-444455551004}.Debug|x64.Build.0 = Debug|Any CPU
		{A1B2C3D4-1111-2222-3333-444455551004}.Debug|x86.ActiveCfg = Debug|Any CPU
		{A1B2C3D4-1111-2222-3333-444455551004}.Debug|x86.Build.0 = Debug|Any CPU
		{A1B2C3D4-1111-2222-3333-444455551004}.Release|Any CPU.ActiveCfg = Release|Any CPU
		{A1B2C3D4-1111-2222-3333-444455551004}.Release|Any CPU.Build.0 = Release|Any CPU
		{A1B2C3D4-1111-2222-3333-444455551004}.Release|x64.ActiveCfg = Release|Any CPU
		{A1B2C3D4-1111-2222-3333-444455551004}.Release|x64.Build.0 = Release|Any CPU
		{A1B2C3D4-1111-2222-3333-444455551004}.Release|x86.ActiveCfg = Release|Any CPU
		{A1B2C3D4-1111-2222-3333-444455551004}.Release|x86.Build.0 = Release|Any CPU
		{A1B2C3D4-1111-2222-3333-444455558888}.Debug|Any CPU.ActiveCfg = Debug|Any CPU
		{A1B2C3D4-1111-2222-3333-444455558888}.Debug|Any CPU.Build.0 = Debug|Any CPU
		{A1B2C3D4-1111-2222-3333-444455558888}.Debug|x64.ActiveCfg = Debug|Any CPU
		{A1B2C3D4-1111-2222-3333-444455558888}.Debug|x64.Build.0 = Debug|Any CPU
		{A1B2C3D4-1111-2222-3333-444455558888}.Debug|x86.ActiveCfg = Debug|Any CPU
		{A1B2C3D4-1111-2222-3333-444455558888}.Debug|x86.Build.0 = Debug|Any CPU
		{A1B2C3D4-1111-2222-3333-444455558888}.Release|Any CPU.ActiveCfg = Release|Any CPU
		{A1B2C3D4-1111-2222-3333-444455558888}.Release|Any CPU.Build.0 = Release|Any CPU
		{A1B2C3D4-1111-2222-3333-444455558888}.Release|x64.ActiveCfg = Release|Any CPU
		{A1B2C3D4-1111-2222-3333-444455558888}.Release|x64.Build.0 = Release|Any CPU
		{A1B2C3D4-1111-2222-3333-444455558888}.Release|x86.ActiveCfg = Release|Any CPU
		{A1B2C3D4-1111-2222-3333-444455558888}.Release|x86.Build.0 = Release|Any CPU
		{A1B2C3D4-1111-2222-3333-444455550000}.Debug|Any CPU.ActiveCfg = Debug|Any CPU
		{A1B2C3D4-1111-2222-3333-444455550000}.Debug|Any CPU.Build.0 = Debug|Any CPU
		{A1B2C3D4-1111-2222-3333-444455550000}.Debug|x64.ActiveCfg = Debug|Any CPU
		{A1B2C3D4-1111-2222-3333-444455550000}.Debug|x64.Build.0 = Debug|Any CPU
		{A1B2C3D4-1111-2222-3333-444455550000}.Debug|x86.ActiveCfg = Debug|Any CPU
		{A1B2C3D4-1111-2222-3333-444455550000}.Debug|x86.Build.0 = Debug|Any CPU
		{A1B2C3D4-1111-2222-3333-444455550000}.Release|Any CPU.ActiveCfg = Release|Any CPU
		{A1B2C3D4-1111-2222-3333-444455550000}.Release|Any CPU.Build.0 = Release|Any CPU
		{A1B2C3D4-1111-2222-3333-444455550000}.Release|x64.ActiveCfg = Release|Any CPU
		{A1B2C3D4-1111-2222-3333-444455550000}.Release|x64.Build.0 = Release|Any CPU
		{A1B2C3D4-1111-2222-3333-444455550000}.Release|x86.ActiveCfg = Release|Any CPU
		{A1B2C3D4-1111-2222-3333-444455550000}.Release|x86.Build.0 = Release|Any CPU
		{A1B2C3D4-1111-2222-3333-444455551111}.Debug|Any CPU.ActiveCfg = Debug|Any CPU
		{A1B2C3D4-1111-2222-3333-444455551111}.Debug|Any CPU.Build.0 = Debug|Any CPU
		{A1B2C3D4-1111-2222-3333-444455551111}.Debug|x64.ActiveCfg = Debug|Any CPU
		{A1B2C3D4-1111-2222-3333-444455551111}.Debug|x64.Build.0 = Debug|Any CPU
		{A1B2C3D4-1111-2222-3333-444455551111}.Debug|x86.ActiveCfg = Debug|Any CPU
		{A1B2C3D4-1111-2222-3333-444455551111}.Debug|x86.Build.0 = Debug|Any CPU
		{A1B2C3D4-1111-2222-3333-444455551111}.Release|Any CPU.ActiveCfg = Release|Any CPU
		{A1B2C3D4-1111-2222-3333-444455551111}.Release|Any CPU.Build.0 = Release|Any CPU
		{A1B2C3D4-1111-2222-3333-444455551111}.Release|x64.ActiveCfg = Release|Any CPU
		{A1B2C3D4-1111-2222-3333-444455551111}.Release|x64.Build.0 = Release|Any CPU
		{A1B2C3D4-1111-2222-3333-444455551111}.Release|x86.ActiveCfg = Release|Any CPU
		{A1B2C3D4-1111-2222-3333-444455551111}.Release|x86.Build.0 = Release|Any CPU
		{FD7E8FB2-4FC8-4815-9B7D-F9E88DFE904A}.Debug|Any CPU.ActiveCfg = Debug|Any CPU
		{FD7E8FB2-4FC8-4815-9B7D-F9E88DFE904A}.Debug|Any CPU.Build.0 = Debug|Any CPU
		{FD7E8FB2-4FC8-4815-9B7D-F9E88DFE904A}.Debug|x64.ActiveCfg = Debug|Any CPU
		{FD7E8FB2-4FC8-4815-9B7D-F9E88DFE904A}.Debug|x64.Build.0 = Debug|Any CPU
		{FD7E8FB2-4FC8-4815-9B7D-F9E88DFE904A}.Debug|x86.ActiveCfg = Debug|Any CPU
		{FD7E8FB2-4FC8-4815-9B7D-F9E88DFE904A}.Debug|x86.Build.0 = Debug|Any CPU
		{FD7E8FB2-4FC8-4815-9B7D-F9E88DFE904A}.Release|Any CPU.ActiveCfg = Release|Any CPU
		{FD7E8FB2-4FC8-4815-9B7D-F9E88DFE904A}.Release|Any CPU.Build.0 = Release|Any CPU
		{FD7E8FB2-4FC8-4815-9B7D-F9E88DFE904A}.Release|x64.ActiveCfg = Release|Any CPU
		{FD7E8FB2-4FC8-4815-9B7D-F9E88DFE904A}.Release|x64.Build.0 = Release|Any CPU
		{FD7E8FB2-4FC8-4815-9B7D-F9E88DFE904A}.Release|x86.ActiveCfg = Release|Any CPU
		{FD7E8FB2-4FC8-4815-9B7D-F9E88DFE904A}.Release|x86.Build.0 = Release|Any CPU
		{252CC04A-A94A-461B-A9EE-3EC8852B933F}.Debug|Any CPU.ActiveCfg = Debug|Any CPU
		{252CC04A-A94A-461B-A9EE-3EC8852B933F}.Debug|Any CPU.Build.0 = Debug|Any CPU
		{252CC04A-A94A-461B-A9EE-3EC8852B933F}.Debug|x64.ActiveCfg = Debug|Any CPU
		{252CC04A-A94A-461B-A9EE-3EC8852B933F}.Debug|x64.Build.0 = Debug|Any CPU
		{252CC04A-A94A-461B-A9EE-3EC8852B933F}.Debug|x86.ActiveCfg = Debug|Any CPU
		{252CC04A-A94A-461B-A9EE-3EC8852B933F}.Debug|x86.Build.0 = Debug|Any CPU
		{252CC04A-A94A-461B-A9EE-3EC8852B933F}.Release|Any CPU.ActiveCfg = Release|Any CPU
		{252CC04A-A94A-461B-A9EE-3EC8852B933F}.Release|Any CPU.Build.0 = Release|Any CPU
		{252CC04A-A94A-461B-A9EE-3EC8852B933F}.Release|x64.ActiveCfg = Release|Any CPU
		{252CC04A-A94A-461B-A9EE-3EC8852B933F}.Release|x64.Build.0 = Release|Any CPU
		{252CC04A-A94A-461B-A9EE-3EC8852B933F}.Release|x86.ActiveCfg = Release|Any CPU
		{252CC04A-A94A-461B-A9EE-3EC8852B933F}.Release|x86.Build.0 = Release|Any CPU
		{76498C24-5BED-4EED-AA8D-8CB35493EAA7}.Debug|Any CPU.ActiveCfg = Debug|Any CPU
		{76498C24-5BED-4EED-AA8D-8CB35493EAA7}.Debug|Any CPU.Build.0 = Debug|Any CPU
		{76498C24-5BED-4EED-AA8D-8CB35493EAA7}.Debug|x64.ActiveCfg = Debug|Any CPU
		{76498C24-5BED-4EED-AA8D-8CB35493EAA7}.Debug|x64.Build.0 = Debug|Any CPU
		{76498C24-5BED-4EED-AA8D-8CB35493EAA7}.Debug|x86.ActiveCfg = Debug|Any CPU
		{76498C24-5BED-4EED-AA8D-8CB35493EAA7}.Debug|x86.Build.0 = Debug|Any CPU
		{76498C24-5BED-4EED-AA8D-8CB35493EAA7}.Release|Any CPU.ActiveCfg = Release|Any CPU
		{76498C24-5BED-4EED-AA8D-8CB35493EAA7}.Release|Any CPU.Build.0 = Release|Any CPU
		{76498C24-5BED-4EED-AA8D-8CB35493EAA7}.Release|x64.ActiveCfg = Release|Any CPU
		{76498C24-5BED-4EED-AA8D-8CB35493EAA7}.Release|x64.Build.0 = Release|Any CPU
		{76498C24-5BED-4EED-AA8D-8CB35493EAA7}.Release|x86.ActiveCfg = Release|Any CPU
		{76498C24-5BED-4EED-AA8D-8CB35493EAA7}.Release|x86.Build.0 = Release|Any CPU
		{A8788E94-FA12-420F-9D3E-27A6E6802AFE}.Debug|Any CPU.ActiveCfg = Debug|Any CPU
		{A8788E94-FA12-420F-9D3E-27A6E6802AFE}.Debug|Any CPU.Build.0 = Debug|Any CPU
		{A8788E94-FA12-420F-9D3E-27A6E6802AFE}.Debug|x64.ActiveCfg = Debug|Any CPU
		{A8788E94-FA12-420F-9D3E-27A6E6802AFE}.Debug|x64.Build.0 = Debug|Any CPU
		{A8788E94-FA12-420F-9D3E-27A6E6802AFE}.Debug|x86.ActiveCfg = Debug|Any CPU
		{A8788E94-FA12-420F-9D3E-27A6E6802AFE}.Debug|x86.Build.0 = Debug|Any CPU
		{A8788E94-FA12-420F-9D3E-27A6E6802AFE}.Release|Any CPU.ActiveCfg = Release|Any CPU
		{A8788E94-FA12-420F-9D3E-27A6E6802AFE}.Release|Any CPU.Build.0 = Release|Any CPU
		{A8788E94-FA12-420F-9D3E-27A6E6802AFE}.Release|x64.ActiveCfg = Release|Any CPU
		{A8788E94-FA12-420F-9D3E-27A6E6802AFE}.Release|x64.Build.0 = Release|Any CPU
		{A8788E94-FA12-420F-9D3E-27A6E6802AFE}.Release|x86.ActiveCfg = Release|Any CPU
		{A8788E94-FA12-420F-9D3E-27A6E6802AFE}.Release|x86.Build.0 = Release|Any CPU
		{088B16D7-0613-435C-AB4E-C64BC5C46E03}.Debug|Any CPU.ActiveCfg = Debug|Any CPU
		{088B16D7-0613-435C-AB4E-C64BC5C46E03}.Debug|Any CPU.Build.0 = Debug|Any CPU
		{088B16D7-0613-435C-AB4E-C64BC5C46E03}.Debug|x64.ActiveCfg = Debug|Any CPU
		{088B16D7-0613-435C-AB4E-C64BC5C46E03}.Debug|x64.Build.0 = Debug|Any CPU
		{088B16D7-0613-435C-AB4E-C64BC5C46E03}.Debug|x86.ActiveCfg = Debug|Any CPU
		{088B16D7-0613-435C-AB4E-C64BC5C46E03}.Debug|x86.Build.0 = Debug|Any CPU
		{088B16D7-0613-435C-AB4E-C64BC5C46E03}.Release|Any CPU.ActiveCfg = Release|Any CPU
		{088B16D7-0613-435C-AB4E-C64BC5C46E03}.Release|Any CPU.Build.0 = Release|Any CPU
		{088B16D7-0613-435C-AB4E-C64BC5C46E03}.Release|x64.ActiveCfg = Release|Any CPU
		{088B16D7-0613-435C-AB4E-C64BC5C46E03}.Release|x64.Build.0 = Release|Any CPU
		{088B16D7-0613-435C-AB4E-C64BC5C46E03}.Release|x86.ActiveCfg = Release|Any CPU
		{088B16D7-0613-435C-AB4E-C64BC5C46E03}.Release|x86.Build.0 = Release|Any CPU
		{7B21EBA9-527B-4FE5-9DF7-42D8D2E4E3E5}.Debug|Any CPU.ActiveCfg = Debug|Any CPU
		{7B21EBA9-527B-4FE5-9DF7-42D8D2E4E3E5}.Debug|Any CPU.Build.0 = Debug|Any CPU
		{7B21EBA9-527B-4FE5-9DF7-42D8D2E4E3E5}.Debug|x64.ActiveCfg = Debug|Any CPU
		{7B21EBA9-527B-4FE5-9DF7-42D8D2E4E3E5}.Debug|x64.Build.0 = Debug|Any CPU
		{7B21EBA9-527B-4FE5-9DF7-42D8D2E4E3E5}.Debug|x86.ActiveCfg = Debug|Any CPU
		{7B21EBA9-527B-4FE5-9DF7-42D8D2E4E3E5}.Debug|x86.Build.0 = Debug|Any CPU
		{7B21EBA9-527B-4FE5-9DF7-42D8D2E4E3E5}.Release|Any CPU.ActiveCfg = Release|Any CPU
		{7B21EBA9-527B-4FE5-9DF7-42D8D2E4E3E5}.Release|Any CPU.Build.0 = Release|Any CPU
		{7B21EBA9-527B-4FE5-9DF7-42D8D2E4E3E5}.Release|x64.ActiveCfg = Release|Any CPU
		{7B21EBA9-527B-4FE5-9DF7-42D8D2E4E3E5}.Release|x64.Build.0 = Release|Any CPU
		{7B21EBA9-527B-4FE5-9DF7-42D8D2E4E3E5}.Release|x86.ActiveCfg = Release|Any CPU
		{7B21EBA9-527B-4FE5-9DF7-42D8D2E4E3E5}.Release|x86.Build.0 = Release|Any CPU
		{A1A884FD-BAA1-42B0-8520-EF9D25CBA1CE}.Debug|Any CPU.ActiveCfg = Debug|Any CPU
		{A1A884FD-BAA1-42B0-8520-EF9D25CBA1CE}.Debug|Any CPU.Build.0 = Debug|Any CPU
		{A1A884FD-BAA1-42B0-8520-EF9D25CBA1CE}.Debug|x64.ActiveCfg = Debug|Any CPU
		{A1A884FD-BAA1-42B0-8520-EF9D25CBA1CE}.Debug|x64.Build.0 = Debug|Any CPU
		{A1A884FD-BAA1-42B0-8520-EF9D25CBA1CE}.Debug|x86.ActiveCfg = Debug|Any CPU
		{A1A884FD-BAA1-42B0-8520-EF9D25CBA1CE}.Debug|x86.Build.0 = Debug|Any CPU
		{A1A884FD-BAA1-42B0-8520-EF9D25CBA1CE}.Release|Any CPU.ActiveCfg = Release|Any CPU
		{A1A884FD-BAA1-42B0-8520-EF9D25CBA1CE}.Release|Any CPU.Build.0 = Release|Any CPU
		{A1A884FD-BAA1-42B0-8520-EF9D25CBA1CE}.Release|x64.ActiveCfg = Release|Any CPU
		{A1A884FD-BAA1-42B0-8520-EF9D25CBA1CE}.Release|x64.Build.0 = Release|Any CPU
		{A1A884FD-BAA1-42B0-8520-EF9D25CBA1CE}.Release|x86.ActiveCfg = Release|Any CPU
		{A1A884FD-BAA1-42B0-8520-EF9D25CBA1CE}.Release|x86.Build.0 = Release|Any CPU
		{889F51EE-A733-49AF-B784-41D2F5C83F55}.Debug|Any CPU.ActiveCfg = Debug|Any CPU
		{889F51EE-A733-49AF-B784-41D2F5C83F55}.Debug|Any CPU.Build.0 = Debug|Any CPU
		{889F51EE-A733-49AF-B784-41D2F5C83F55}.Debug|x64.ActiveCfg = Debug|Any CPU
		{889F51EE-A733-49AF-B784-41D2F5C83F55}.Debug|x64.Build.0 = Debug|Any CPU
		{889F51EE-A733-49AF-B784-41D2F5C83F55}.Debug|x86.ActiveCfg = Debug|Any CPU
		{889F51EE-A733-49AF-B784-41D2F5C83F55}.Debug|x86.Build.0 = Debug|Any CPU
		{889F51EE-A733-49AF-B784-41D2F5C83F55}.Release|Any CPU.ActiveCfg = Release|Any CPU
		{889F51EE-A733-49AF-B784-41D2F5C83F55}.Release|Any CPU.Build.0 = Release|Any CPU
		{889F51EE-A733-49AF-B784-41D2F5C83F55}.Release|x64.ActiveCfg = Release|Any CPU
		{889F51EE-A733-49AF-B784-41D2F5C83F55}.Release|x64.Build.0 = Release|Any CPU
		{889F51EE-A733-49AF-B784-41D2F5C83F55}.Release|x86.ActiveCfg = Release|Any CPU
		{889F51EE-A733-49AF-B784-41D2F5C83F55}.Release|x86.Build.0 = Release|Any CPU
	EndGlobalSection
	GlobalSection(SolutionProperties) = preSolution
		HideSolutionNode = FALSE
	EndGlobalSection
	GlobalSection(NestedProjects) = preSolution
		{C0MM0N00-0000-0000-0000-000000000001} = {827E0CD3-B72D-47B6-A68D-7590B98EB39B}
		{FD7E8FB2-4FC8-4815-9B7D-F9E88DFE904A} = {C0MM0N00-0000-0000-0000-000000000001}
		{252CC04A-A94A-461B-A9EE-3EC8852B933F} = {827E0CD3-B72D-47B6-A68D-7590B98EB39B}
		{76498C24-5BED-4EED-AA8D-8CB35493EAA7} = {C0MM0N00-0000-0000-0000-000000000001}
		{E81CAA0A-8D6A-E3B6-28B3-AB416E1657A7} = {827E0CD3-B72D-47B6-A68D-7590B98EB39B}
		{E2A5EC54-41E6-334C-DB30-5D71ABDE06FE} = {E81CAA0A-8D6A-E3B6-28B3-AB416E1657A7}
		{A8788E94-FA12-420F-9D3E-27A6E6802AFE} = {E2A5EC54-41E6-334C-DB30-5D71ABDE06FE}
		{088B16D7-0613-435C-AB4E-C64BC5C46E03} = {E2A5EC54-41E6-334C-DB30-5D71ABDE06FE}
		{7B21EBA9-527B-4FE5-9DF7-42D8D2E4E3E5} = {E2A5EC54-41E6-334C-DB30-5D71ABDE06FE}
		{FDA8FDF1-D876-E855-A9A2-80088BB07443} = {9792E6E2-564B-9699-7DA2-9F7194AE82F6}
		{A1A884FD-BAA1-42B0-8520-EF9D25CBA1CE} = {FDA8FDF1-D876-E855-A9A2-80088BB07443}
		{F26EE05C-5EBD-B745-89A2-491B45AC0479} = {E81CAA0A-8D6A-E3B6-28B3-AB416E1657A7}
		{889F51EE-A733-49AF-B784-41D2F5C83F55} = {F26EE05C-5EBD-B745-89A2-491B45AC0479}
	EndGlobalSection
EndGlobal
